
Microsoft Visual Studio Solution File, Format Version 12.00
# Visual Studio 15
VisualStudioVersion = 15.0.27703.2026
MinimumVisualStudioVersion = 10.0.40219.1
Project("{FAE04EC0-301F-11D3-BF4B-00C04F79EFBC}") = "KutupHane_Uygulamasi", "KutupHane_Uygulamasi\KutupHane_Uygulamasi.csproj", "{6E6885F5-2BCF-43D2-B6B2-B48A098C2745}"
EndProject
Global
	GlobalSection(SolutionConfigurationPlatforms) = preSolution
		Debug|Any CPU = Debug|Any CPU
		Release|Any CPU = Release|Any CPU
	EndGlobalSection
	GlobalSection(ProjectConfigurationPlatforms) = postSolution
		{6E6885F5-2BCF-43D2-B6B2-B48A098C2745}.Debug|Any CPU.ActiveCfg = Debug|Any CPU
		{6E6885F5-2BCF-43D2-B6B2-B48A098C2745}.Debug|Any CPU.Build.0 = Debug|Any CPU
		{6E6885F5-2BCF-43D2-B6B2-B48A098C2745}.Release|Any CPU.ActiveCfg = Release|Any CPU
		{6E6885F5-2BCF-43D2-B6B2-B48A098C2745}.Release|Any CPU.Build.0 = Release|Any CPU
	EndGlobalSection
	GlobalSection(SolutionProperties) = preSolution
		HideSolutionNode = FALSE
	EndGlobalSection
	GlobalSection(ExtensibilityGlobals) = postSolution
		SolutionGuid = {600725B8-AE22-462D-B7A3-CBA316A853D9}
	EndGlobalSection
EndGlobal
